
Microsoft Visual Studio Solution File, Format Version 12.00
# Visual Studio 14
VisualStudioVersion = 14.0.25420.1
MinimumVisualStudioVersion = 10.0.40219.1
Project("{FAE04EC0-301F-11D3-BF4B-00C04F79EFBC}") = "AutomationFramework", "AutomationFramework\AutomationFramework.csproj", "{63078A16-3A11-4D47-9D5C-EFB781F30A82}"
EndProject
Project("{FAE04EC0-301F-11D3-BF4B-00C04F79EFBC}") = "MolinaHealthcareApplication", "MolinaHealthcareApplication\MolinaHealthcareApplication.csproj", "{3D196D8F-52B1-4484-BF99-7F8F610F5ACC}"
EndProject
Project("{2150E333-8FDC-42A3-9474-1A3956D46DE8}") = "Solution Items", "Solution Items", "{86C2F536-A689-43FD-AAAD-CB1D19124303}"
	ProjectSection(SolutionItems) = preProject
		AutomationFramework.vsmdi = AutomationFramework.vsmdi
		Local.testsettings = Local.testsettings
		TraceAndTestImpact.testsettings = TraceAndTestImpact.testsettings
	EndProjectSection
EndProject
Project("{FAE04EC0-301F-11D3-BF4B-00C04F79EFBC}") = "MolinaHealthCareApplicationPOM", "MolinaHealthCareApplicationPOM\MolinaHealthCareApplicationPOM.csproj", "{BED079B6-C737-4227-8A82-6974442BB46D}"
EndProject
Global
	GlobalSection(SolutionConfigurationPlatforms) = preSolution
		Debug|Any CPU = Debug|Any CPU
		Release|Any CPU = Release|Any CPU
	EndGlobalSection
	GlobalSection(ProjectConfigurationPlatforms) = postSolution
		{63078A16-3A11-4D47-9D5C-EFB781F30A82}.Debug|Any CPU.ActiveCfg = Debug|Any CPU
		{63078A16-3A11-4D47-9D5C-EFB781F30A82}.Debug|Any CPU.Build.0 = Debug|Any CPU
		{63078A16-3A11-4D47-9D5C-EFB781F30A82}.Release|Any CPU.ActiveCfg = Release|Any CPU
		{63078A16-3A11-4D47-9D5C-EFB781F30A82}.Release|Any CPU.Build.0 = Release|Any CPU
		{3D196D8F-52B1-4484-BF99-7F8F610F5ACC}.Debug|Any CPU.ActiveCfg = Debug|Any CPU
		{3D196D8F-52B1-4484-BF99-7F8F610F5ACC}.Debug|Any CPU.Build.0 = Debug|Any CPU
		{3D196D8F-52B1-4484-BF99-7F8F610F5ACC}.Release|Any CPU.ActiveCfg = Release|Any CPU
		{3D196D8F-52B1-4484-BF99-7F8F610F5ACC}.Release|Any CPU.Build.0 = Release|Any CPU
		{BED079B6-C737-4227-8A82-6974442BB46D}.Debug|Any CPU.ActiveCfg = Debug|Any CPU
		{BED079B6-C737-4227-8A82-6974442BB46D}.Debug|Any CPU.Build.0 = Debug|Any CPU
		{BED079B6-C737-4227-8A82-6974442BB46D}.Release|Any CPU.ActiveCfg = Release|Any CPU
		{BED079B6-C737-4227-8A82-6974442BB46D}.Release|Any CPU.Build.0 = Release|Any CPU
	EndGlobalSection
	GlobalSection(SolutionProperties) = preSolution
		HideSolutionNode = FALSE
	EndGlobalSection
	GlobalSection(TestCaseManagementSettings) = postSolution
		CategoryFile = AutomationFramework.vsmdi
	EndGlobalSection
EndGlobal
